
Microsoft Visual Studio Solution File, Format Version 12.00
# Visual Studio Version 17
VisualStudioVersion = 17.11.35327.3
MinimumVisualStudioVersion = 10.0.40219.1
Project("{FAE04EC0-301F-11D3-BF4B-00C04F79EFBC}") = "MSBarbershop.Data", "MSBarbershop.Data\MSBarbershop.Data.csproj", "{36EA35DA-B2F8-4844-9466-A58333B9B620}"
EndProject
Project("{FAE04EC0-301F-11D3-BF4B-00C04F79EFBC}") = "MSBarbershop.WebApp", "MSBarbershop.WebApp\MSBarbershop.WebApp.csproj", "{3C8F0885-B360-45C1-B3EC-900FC6642BD3}"
EndProject
Global
	GlobalSection(SolutionConfigurationPlatforms) = preSolution
		Debug|Any CPU = Debug|Any CPU
		Release|Any CPU = Release|Any CPU
	EndGlobalSection
	GlobalSection(ProjectConfigurationPlatforms) = postSolution
		{36EA35DA-B2F8-4844-9466-A58333B9B620}.Debug|Any CPU.ActiveCfg = Debug|Any CPU
		{36EA35DA-B2F8-4844-9466-A58333B9B620}.Debug|Any CPU.Build.0 = Debug|Any CPU
		{36EA35DA-B2F8-4844-9466-A58333B9B620}.Release|Any CPU.ActiveCfg = Release|Any CPU
		{36EA35DA-B2F8-4844-9466-A58333B9B620}.Release|Any CPU.Build.0 = Release|Any CPU
		{3C8F0885-B360-45C1-B3EC-900FC6642BD3}.Debug|Any CPU.ActiveCfg = Debug|Any CPU
		{3C8F0885-B360-45C1-B3EC-900FC6642BD3}.Debug|Any CPU.Build.0 = Debug|Any CPU
		{3C8F0885-B360-45C1-B3EC-900FC6642BD3}.Release|Any CPU.ActiveCfg = Release|Any CPU
		{3C8F0885-B360-45C1-B3EC-900FC6642BD3}.Release|Any CPU.Build.0 = Release|Any CPU
	EndGlobalSection
	GlobalSection(SolutionProperties) = preSolution
		HideSolutionNode = FALSE
	EndGlobalSection
	GlobalSection(ExtensibilityGlobals) = postSolution
		SolutionGuid = {6E175067-741C-4CA1-85F1-3D106F047F47}
	EndGlobalSection
EndGlobal
